{
    "name": "eo-vscode-server",
    "version": "1.0.0",
    "lockfileVersion": 2,
    "requires": true,
    "packages": {
        "": {
            "name": "eo-vscode-server",
            "version": "1.0.0",
            "license": "MIT",
            "dependencies": {
                "antlr4": "^4.11.0",
                "antlr4ts": "^0.5.0-alpha.4",
                "vscode-languageserver": "^8.0.0",
                "vscode-languageserver-textdocument": "^1.0.4"
            },
            "devDependencies": {
                "@types/vscode": "^1.63.0",
                "antlr4ts-cli": "^0.5.0-alpha.4"
            },
            "engines": {
                "node": ">=16.0.0",
                "vscode": "^1.63.0"
            }
        },
        "node_modules/@types/vscode": {
            "version": "1.72.0",
            "resolved": "https://registry.npmjs.org/@types/vscode/-/vscode-1.72.0.tgz",
            "integrity": "sha512-WvHluhUo+lQvE3I4wUagRpnkHuysB4qSyOQUyIAS9n9PYMJjepzTUD8Jyks0YeXoPD0UGctjqp2u84/b3v6Ydw==",
            "dev": true
        },
        "node_modules/antlr4": {
            "version": "4.13.2",
            "resolved": "https://registry.npmjs.org/antlr4/-/antlr4-4.13.2.tgz",
            "integrity": "sha512-QiVbZhyy4xAZ17UPEuG3YTOt8ZaoeOR1CvEAqrEsDBsOqINslaB147i9xqljZqoyf5S+EUlGStaj+t22LT9MOg==",
            "engines": {
                "node": ">=16"
            }
        },
        "node_modules/antlr4ts": {
            "version": "0.5.0-alpha.4",
            "resolved": "https://registry.npmjs.org/antlr4ts/-/antlr4ts-0.5.0-alpha.4.tgz",
            "integrity": "sha512-WPQDt1B74OfPv/IMS2ekXAKkTZIHl88uMetg6q3OTqgFxZ/dxDXI0EWLyZid/1Pe6hTftyg5N7gel5wNAGxXyQ=="
        },
        "node_modules/antlr4ts-cli": {
            "version": "0.5.0-alpha.4",
            "resolved": "https://registry.npmjs.org/antlr4ts-cli/-/antlr4ts-cli-0.5.0-alpha.4.tgz",
            "integrity": "sha512-lVPVBTA2CVHRYILSKilL6Jd4hAumhSZZWA7UbQNQrmaSSj7dPmmYaN4bOmZG79cOy0lS00i4LY68JZZjZMWVrw==",
            "dev": true,
            "bin": {
                "antlr4ts": "antlr4ts"
            }
        },
        "node_modules/vscode-jsonrpc": {
            "version": "8.0.2",
            "resolved": "https://registry.npmjs.org/vscode-jsonrpc/-/vscode-jsonrpc-8.0.2.tgz",
            "integrity": "sha512-RY7HwI/ydoC1Wwg4gJ3y6LpU9FJRZAUnTYMXthqhFXXu77ErDd/xkREpGuk4MyYkk4a+XDWAMqe0S3KkelYQEQ==",
            "engines": {
                "node": ">=14.0.0"
            }
        },
        "node_modules/vscode-languageserver": {
            "version": "8.0.2",
            "resolved": "https://registry.npmjs.org/vscode-languageserver/-/vscode-languageserver-8.0.2.tgz",
            "integrity": "sha512-bpEt2ggPxKzsAOZlXmCJ50bV7VrxwCS5BI4+egUmure/oI/t4OlFzi/YNtVvY24A2UDOZAgwFGgnZPwqSJubkA==",
            "dependencies": {
                "vscode-languageserver-protocol": "3.17.2"
            },
            "bin": {
                "installServerIntoExtension": "bin/installServerIntoExtension"
            }
        },
        "node_modules/vscode-languageserver-protocol": {
            "version": "3.17.2",
            "resolved": "https://registry.npmjs.org/vscode-languageserver-protocol/-/vscode-languageserver-protocol-3.17.2.tgz",
            "integrity": "sha512-8kYisQ3z/SQ2kyjlNeQxbkkTNmVFoQCqkmGrzLH6A9ecPlgTbp3wDTnUNqaUxYr4vlAcloxx8zwy7G5WdguYNg==",
            "dependencies": {
                "vscode-jsonrpc": "8.0.2",
                "vscode-languageserver-types": "3.17.2"
            }
        },
        "node_modules/vscode-languageserver-textdocument": {
            "version": "1.0.4",
            "resolved": "https://registry.npmjs.org/vscode-languageserver-textdocument/-/vscode-languageserver-textdocument-1.0.4.tgz",
            "integrity": "sha512-/xhqXP/2A2RSs+J8JNXpiiNVvvNM0oTosNVmQnunlKvq9o4mupHOBAnnzH0lwIPKazXKvAKsVp1kr+H/K4lgoQ=="
        },
        "node_modules/vscode-languageserver-types": {
            "version": "3.17.2",
            "resolved": "https://registry.npmjs.org/vscode-languageserver-types/-/vscode-languageserver-types-3.17.2.tgz",
            "integrity": "sha512-zHhCWatviizPIq9B7Vh9uvrH6x3sK8itC84HkamnBWoDFJtzBf7SWlpLCZUit72b3os45h6RWQNC9xHRDF8dRA=="
        }
    },
    "dependencies": {
        "@types/vscode": {
            "version": "1.72.0",
            "resolved": "https://registry.npmjs.org/@types/vscode/-/vscode-1.72.0.tgz",
            "integrity": "sha512-WvHluhUo+lQvE3I4wUagRpnkHuysB4qSyOQUyIAS9n9PYMJjepzTUD8Jyks0YeXoPD0UGctjqp2u84/b3v6Ydw==",
            "dev": true
        },
        "antlr4": {
            "version": "4.13.2",
            "resolved": "https://registry.npmjs.org/antlr4/-/antlr4-4.13.2.tgz",
            "integrity": "sha512-QiVbZhyy4xAZ17UPEuG3YTOt8ZaoeOR1CvEAqrEsDBsOqINslaB147i9xqljZqoyf5S+EUlGStaj+t22LT9MOg=="
        },
        "antlr4ts": {
            "version": "0.5.0-alpha.4",
            "resolved": "https://registry.npmjs.org/antlr4ts/-/antlr4ts-0.5.0-alpha.4.tgz",
            "integrity": "sha512-WPQDt1B74OfPv/IMS2ekXAKkTZIHl88uMetg6q3OTqgFxZ/dxDXI0EWLyZid/1Pe6hTftyg5N7gel5wNAGxXyQ=="
        },
        "antlr4ts-cli": {
            "version": "0.5.0-alpha.4",
            "resolved": "https://registry.npmjs.org/antlr4ts-cli/-/antlr4ts-cli-0.5.0-alpha.4.tgz",
            "integrity": "sha512-lVPVBTA2CVHRYILSKilL6Jd4hAumhSZZWA7UbQNQrmaSSj7dPmmYaN4bOmZG79cOy0lS00i4LY68JZZjZMWVrw==",
            "dev": true
        },
        "vscode-jsonrpc": {
            "version": "8.0.2",
            "resolved": "https://registry.npmjs.org/vscode-jsonrpc/-/vscode-jsonrpc-8.0.2.tgz",
            "integrity": "sha512-RY7HwI/ydoC1Wwg4gJ3y6LpU9FJRZAUnTYMXthqhFXXu77ErDd/xkREpGuk4MyYkk4a+XDWAMqe0S3KkelYQEQ=="
        },
        "vscode-languageserver": {
            "version": "8.0.2",
            "resolved": "https://registry.npmjs.org/vscode-languageserver/-/vscode-languageserver-8.0.2.tgz",
            "integrity": "sha512-bpEt2ggPxKzsAOZlXmCJ50bV7VrxwCS5BI4+egUmure/oI/t4OlFzi/YNtVvY24A2UDOZAgwFGgnZPwqSJubkA==",
            "requires": {
                "vscode-languageserver-protocol": "3.17.2"
            }
        },
        "vscode-languageserver-protocol": {
            "version": "3.17.2",
            "resolved": "https://registry.npmjs.org/vscode-languageserver-protocol/-/vscode-languageserver-protocol-3.17.2.tgz",
            "integrity": "sha512-8kYisQ3z/SQ2kyjlNeQxbkkTNmVFoQCqkmGrzLH6A9ecPlgTbp3wDTnUNqaUxYr4vlAcloxx8zwy7G5WdguYNg==",
            "requires": {
                "vscode-jsonrpc": "8.0.2",
                "vscode-languageserver-types": "3.17.2"
            }
        },
        "vscode-languageserver-textdocument": {
            "version": "1.0.4",
            "resolved": "https://registry.npmjs.org/vscode-languageserver-textdocument/-/vscode-languageserver-textdocument-1.0.4.tgz",
            "integrity": "sha512-/xhqXP/2A2RSs+J8JNXpiiNVvvNM0oTosNVmQnunlKvq9o4mupHOBAnnzH0lwIPKazXKvAKsVp1kr+H/K4lgoQ=="
        },
        "vscode-languageserver-types": {
            "version": "3.17.2",
            "resolved": "https://registry.npmjs.org/vscode-languageserver-types/-/vscode-languageserver-types-3.17.2.tgz",
            "integrity": "sha512-zHhCWatviizPIq9B7Vh9uvrH6x3sK8itC84HkamnBWoDFJtzBf7SWlpLCZUit72b3os45h6RWQNC9xHRDF8dRA=="
        }
    }
}
